
Microsoft Visual Studio Solution File, Format Version 12.00
# Visual Studio Version 17
VisualStudioVersion = 17.5.2.0
MinimumVisualStudioVersion = 10.0.40219.1
Project("{2150E333-8FDC-42A3-9474-1A3956D46DE8}") = "src", "src", "{827E0CD3-B72D-47B6-A68D-7590B98EB39B}"
EndProject
Project("{FAE04EC0-301F-11D3-BF4B-00C04F79EFBC}") = "Domain", "src\Domain\Domain.csproj", "{60C6DD8E-9633-46C1-8FEB-5C0CB3142212}"
EndProject
Project("{FAE04EC0-301F-11D3-BF4B-00C04F79EFBC}") = "Application", "src\Application\Application.csproj", "{BACB41E7-7895-4C8B-8D88-46D808E07547}"
EndProject
Project("{FAE04EC0-301F-11D3-BF4B-00C04F79EFBC}") = "Infrastructure", "src\Infrastructure\Infrastructure.csproj", "{112D8B60-54D6-4109-833E-CA84D146B4F1}"
EndProject
Project("{FAE04EC0-301F-11D3-BF4B-00C04F79EFBC}") = "Shared", "src\Shared\Shared.csproj", "{2707E19B-8991-4227-8F63-7561ADF9B556}"
EndProject
Project("{FAE04EC0-301F-11D3-BF4B-00C04F79EFBC}") = "Api", "src\Api\Api.csproj", "{496CA10D-7E75-47C0-84CF-1998B964C957}"
EndProject
Project("{2150E333-8FDC-42A3-9474-1A3956D46DE8}") = "tests", "tests", "{0AB3BF05-4346-4AA6-1389-037BE0695223}"
EndProject
Project("{FAE04EC0-301F-11D3-BF4B-00C04F79EFBC}") = "UnitTests", "tests\UnitTests\UnitTests.csproj", "{370137F7-7FF6-4EE9-8552-CF34245E5712}"
EndProject
Project("{FAE04EC0-301F-11D3-BF4B-00C04F79EFBC}") = "IntegrationTests", "tests\IntegrationTests\IntegrationTests.csproj", "{3C177D0F-D39E-43C9-8FF0-2E060A0BE58C}"
EndProject
Global
	GlobalSection(SolutionConfigurationPlatforms) = preSolution
		Debug|Any CPU = Debug|Any CPU
		Debug|x64 = Debug|x64
		Debug|x86 = Debug|x86
		Release|Any CPU = Release|Any CPU
		Release|x64 = Release|x64
		Release|x86 = Release|x86
	EndGlobalSection
	GlobalSection(ProjectConfigurationPlatforms) = postSolution
		{60C6DD8E-9633-46C1-8FEB-5C0CB3142212}.Debug|Any CPU.ActiveCfg = Debug|Any CPU
		{60C6DD8E-9633-46C1-8FEB-5C0CB3142212}.Debug|Any CPU.Build.0 = Debug|Any CPU
		{60C6DD8E-9633-46C1-8FEB-5C0CB3142212}.Debug|x64.ActiveCfg = Debug|Any CPU
		{60C6DD8E-9633-46C1-8FEB-5C0CB3142212}.Debug|x64.Build.0 = Debug|Any CPU
		{60C6DD8E-9633-46C1-8FEB-5C0CB3142212}.Debug|x86.ActiveCfg = Debug|Any CPU
		{60C6DD8E-9633-46C1-8FEB-5C0CB3142212}.Debug|x86.Build.0 = Debug|Any CPU
		{60C6DD8E-9633-46C1-8FEB-5C0CB3142212}.Release|Any CPU.ActiveCfg = Release|Any CPU
		{60C6DD8E-9633-46C1-8FEB-5C0CB3142212}.Release|Any CPU.Build.0 = Release|Any CPU
		{60C6DD8E-9633-46C1-8FEB-5C0CB3142212}.Release|x64.ActiveCfg = Release|Any CPU
		{60C6DD8E-9633-46C1-8FEB-5C0CB3142212}.Release|x64.Build.0 = Release|Any CPU
		{60C6DD8E-9633-46C1-8FEB-5C0CB3142212}.Release|x86.ActiveCfg = Release|Any CPU
		{60C6DD8E-9633-46C1-8FEB-5C0CB3142212}.Release|x86.Build.0 = Release|Any CPU
		{BACB41E7-7895-4C8B-8D88-46D808E07547}.Debug|Any CPU.ActiveCfg = Debug|Any CPU
		{BACB41E7-7895-4C8B-8D88-46D808E07547}.Debug|Any CPU.Build.0 = Debug|Any CPU
		{BACB41E7-7895-4C8B-8D88-46D808E07547}.Debug|x64.ActiveCfg = Debug|Any CPU
		{BACB41E7-7895-4C8B-8D88-46D808E07547}.Debug|x64.Build.0 = Debug|Any CPU
		{BACB41E7-7895-4C8B-8D88-46D808E07547}.Debug|x86.ActiveCfg = Debug|Any CPU
		{BACB41E7-7895-4C8B-8D88-46D808E07547}.Debug|x86.Build.0 = Debug|Any CPU
		{BACB41E7-7895-4C8B-8D88-46D808E07547}.Release|Any CPU.ActiveCfg = Release|Any CPU
		{BACB41E7-7895-4C8B-8D88-46D808E07547}.Release|Any CPU.Build.0 = Release|Any CPU
		{BACB41E7-7895-4C8B-8D88-46D808E07547}.Release|x64.ActiveCfg = Release|Any CPU
		{BACB41E7-7895-4C8B-8D88-46D808E07547}.Release|x64.Build.0 = Release|Any CPU
		{BACB41E7-7895-4C8B-8D88-46D808E07547}.Release|x86.ActiveCfg = Release|Any CPU
		{BACB41E7-7895-4C8B-8D88-46D808E07547}.Release|x86.Build.0 = Release|Any CPU
		{112D8B60-54D6-4109-833E-CA84D146B4F1}.Debug|Any CPU.ActiveCfg = Debug|Any CPU
		{112D8B60-54D6-4109-833E-CA84D146B4F1}.Debug|Any CPU.Build.0 = Debug|Any CPU
		{112D8B60-54D6-4109-833E-CA84D146B4F1}.Debug|x64.ActiveCfg = Debug|Any CPU
		{112D8B60-54D6-4109-833E-CA84D146B4F1}.Debug|x64.Build.0 = Debug|Any CPU
		{112D8B60-54D6-4109-833E-CA84D146B4F1}.Debug|x86.ActiveCfg = Debug|Any CPU
		{112D8B60-54D6-4109-833E-CA84D146B4F1}.Debug|x86.Build.0 = Debug|Any CPU
		{112D8B60-54D6-4109-833E-CA84D146B4F1}.Release|Any CPU.ActiveCfg = Release|Any CPU
		{112D8B60-54D6-4109-833E-CA84D146B4F1}.Release|Any CPU.Build.0 = Release|Any CPU
		{112D8B60-54D6-4109-833E-CA84D146B4F1}.Release|x64.ActiveCfg = Release|Any CPU
		{112D8B60-54D6-4109-833E-CA84D146B4F1}.Release|x64.Build.0 = Release|Any CPU
		{112D8B60-54D6-4109-833E-CA84D146B4F1}.Release|x86.ActiveCfg = Release|Any CPU
		{112D8B60-54D6-4109-833E-CA84D146B4F1}.Release|x86.Build.0 = Release|Any CPU
		{2707E19B-8991-4227-8F63-7561ADF9B556}.Debug|Any CPU.ActiveCfg = Debug|Any CPU
		{2707E19B-8991-4227-8F63-7561ADF9B556}.Debug|Any CPU.Build.0 = Debug|Any CPU
		{2707E19B-8991-4227-8F63-7561ADF9B556}.Debug|x64.ActiveCfg = Debug|Any CPU
		{2707E19B-8991-4227-8F63-7561ADF9B556}.Debug|x64.Build.0 = Debug|Any CPU
		{2707E19B-8991-4227-8F63-7561ADF9B556}.Debug|x86.ActiveCfg = Debug|Any CPU
		{2707E19B-8991-4227-8F63-7561ADF9B556}.Debug|x86.Build.0 = Debug|Any CPU
		{2707E19B-8991-4227-8F63-7561ADF9B556}.Release|Any CPU.ActiveCfg = Release|Any CPU
		{2707E19B-8991-4227-8F63-7561ADF9B556}.Release|Any CPU.Build.0 = Release|Any CPU
		{2707E19B-8991-4227-8F63-7561ADF9B556}.Release|x64.ActiveCfg = Release|Any CPU
		{2707E19B-8991-4227-8F63-7561ADF9B556}.Release|x64.Build.0 = Release|Any CPU
		{2707E19B-8991-4227-8F63-7561ADF9B556}.Release|x86.ActiveCfg = Release|Any CPU
		{2707E19B-8991-4227-8F63-7561ADF9B556}.Release|x86.Build.0 = Release|Any CPU
		{496CA10D-7E75-47C0-84CF-1998B964C957}.Debug|Any CPU.ActiveCfg = Debug|Any CPU
		{496CA10D-7E75-47C0-84CF-1998B964C957}.Debug|Any CPU.Build.0 = Debug|Any CPU
		{496CA10D-7E75-47C0-84CF-1998B964C957}.Debug|x64.ActiveCfg = Debug|Any CPU
		{496CA10D-7E75-47C0-84CF-1998B964C957}.Debug|x64.Build.0 = Debug|Any CPU
		{496CA10D-7E75-47C0-84CF-1998B964C957}.Debug|x86.ActiveCfg = Debug|Any CPU
		{496CA10D-7E75-47C0-84CF-1998B964C957}.Debug|x86.Build.0 = Debug|Any CPU
		{496CA10D-7E75-47C0-84CF-1998B964C957}.Release|Any CPU.ActiveCfg = Release|Any CPU
		{496CA10D-7E75-47C0-84CF-1998B964C957}.Release|Any CPU.Build.0 = Release|Any CPU
		{496CA10D-7E75-47C0-84CF-1998B964C957}.Release|x64.ActiveCfg = Release|Any CPU
		{496CA10D-7E75-47C0-84CF-1998B964C957}.Release|x64.Build.0 = Release|Any CPU
		{496CA10D-7E75-47C0-84CF-1998B964C957}.Release|x86.ActiveCfg = Release|Any CPU
		{496CA10D-7E75-47C0-84CF-1998B964C957}.Release|x86.Build.0 = Release|Any CPU
		{370137F7-7FF6-4EE9-8552-CF34245E5712}.Debug|Any CPU.ActiveCfg = Debug|Any CPU
		{370137F7-7FF6-4EE9-8552-CF34245E5712}.Debug|Any CPU.Build.0 = Debug|Any CPU
		{370137F7-7FF6-4EE9-8552-CF34245E5712}.Debug|x64.ActiveCfg = Debug|Any CPU
		{370137F7-7FF6-4EE9-8552-CF34245E5712}.Debug|x64.Build.0 = Debug|Any CPU
		{370137F7-7FF6-4EE9-8552-CF34245E5712}.Debug|x86.ActiveCfg = Debug|Any CPU
		{370137F7-7FF6-4EE9-8552-CF34245E5712}.Debug|x86.Build.0 = Debug|Any CPU
		{370137F7-7FF6-4EE9-8552-CF34245E5712}.Release|Any CPU.ActiveCfg = Release|Any CPU
		{370137F7-7FF6-4EE9-8552-CF34245E5712}.Release|Any CPU.Build.0 = Release|Any CPU
		{370137F7-7FF6-4EE9-8552-CF34245E5712}.Release|x64.ActiveCfg = Release|Any CPU
		{370137F7-7FF6-4EE9-8552-CF34245E5712}.Release|x64.Build.0 = Release|Any CPU
		{370137F7-7FF6-4EE9-8552-CF34245E5712}.Release|x86.ActiveCfg = Release|Any CPU
		{370137F7-7FF6-4EE9-8552-CF34245E5712}.Release|x86.Build.0 = Release|Any CPU
		{3C177D0F-D39E-43C9-8FF0-2E060A0BE58C}.Debug|Any CPU.ActiveCfg = Debug|Any CPU
		{3C177D0F-D39E-43C9-8FF0-2E060A0BE58C}.Debug|Any CPU.Build.0 = Debug|Any CPU
		{3C177D0F-D39E-43C9-8FF0-2E060A0BE58C}.Debug|x64.ActiveCfg = Debug|Any CPU
		{3C177D0F-D39E-43C9-8FF0-2E060A0BE58C}.Debug|x64.Build.0 = Debug|Any CPU
		{3C177D0F-D39E-43C9-8FF0-2E060A0BE58C}.Debug|x86.ActiveCfg = Debug|Any CPU
		{3C177D0F-D39E-43C9-8FF0-2E060A0BE58C}.Debug|x86.Build.0 = Debug|Any CPU
		{3C177D0F-D39E-43C9-8FF0-2E060A0BE58C}.Release|Any CPU.ActiveCfg = Release|Any CPU
		{3C177D0F-D39E-43C9-8FF0-2E060A0BE58C}.Release|Any CPU.Build.0 = Release|Any CPU
		{3C177D0F-D39E-43C9-8FF0-2E060A0BE58C}.Release|x64.ActiveCfg = Release|Any CPU
		{3C177D0F-D39E-43C9-8FF0-2E060A0BE58C}.Release|x64.Build.0 = Release|Any CPU
		{3C177D0F-D39E-43C9-8FF0-2E060A0BE58C}.Release|x86.ActiveCfg = Release|Any CPU
		{3C177D0F-D39E-43C9-8FF0-2E060A0BE58C}.Release|x86.Build.0 = Release|Any CPU
	EndGlobalSection
	GlobalSection(SolutionProperties) = preSolution
		HideSolutionNode = FALSE
	EndGlobalSection
	GlobalSection(NestedProjects) = preSolution
		{60C6DD8E-9633-46C1-8FEB-5C0CB3142212} = {827E0CD3-B72D-47B6-A68D-7590B98EB39B}
		{BACB41E7-7895-4C8B-8D88-46D808E07547} = {827E0CD3-B72D-47B6-A68D-7590B98EB39B}
		{112D8B60-54D6-4109-833E-CA84D146B4F1} = {827E0CD3-B72D-47B6-A68D-7590B98EB39B}
		{2707E19B-8991-4227-8F63-7561ADF9B556} = {827E0CD3-B72D-47B6-A68D-7590B98EB39B}
		{496CA10D-7E75-47C0-84CF-1998B964C957} = {827E0CD3-B72D-47B6-A68D-7590B98EB39B}
		{370137F7-7FF6-4EE9-8552-CF34245E5712} = {0AB3BF05-4346-4AA6-1389-037BE0695223}
		{3C177D0F-D39E-43C9-8FF0-2E060A0BE58C} = {0AB3BF05-4346-4AA6-1389-037BE0695223}
	EndGlobalSection
	GlobalSection(ExtensibilityGlobals) = postSolution
		SolutionGuid = {2D7C85AB-EBCC-4D18-9407-3A5ACC66C364}
	EndGlobalSection
EndGlobal
